
Microsoft Visual Studio Solution File, Format Version 12.00
# Visual Studio Version 17
VisualStudioVersion = 17.2.32526.322
MinimumVisualStudioVersion = 10.0.40219.1
Project("{FAE04EC0-301F-11D3-BF4B-00C04F79EFBC}") = "CsharpStudy08", "CsharpStudy08\CsharpStudy08.csproj", "{2D4F4EDF-F920-4A10-9769-AE13280E6DD9}"
EndProject
Project("{FAE04EC0-301F-11D3-BF4B-00C04F79EFBC}") = "CSharpPractice01", "CSharpPractice01\CSharpPractice01.csproj", "{293D1844-239C-403D-82CF-80A14CD7F5DD}"
EndProject
Project("{FAE04EC0-301F-11D3-BF4B-00C04F79EFBC}") = "CSharpParcticeWF", "CSharpParcticeWF\CSharpParcticeWF.csproj", "{83229C5D-520F-4C09-8353-F1B0DC0FF053}"
EndProject
Global
	GlobalSection(SolutionConfigurationPlatforms) = preSolution
		Debug|Any CPU = Debug|Any CPU
		Release|Any CPU = Release|Any CPU
	EndGlobalSection
	GlobalSection(ProjectConfigurationPlatforms) = postSolution
		{2D4F4EDF-F920-4A10-9769-AE13280E6DD9}.Debug|Any CPU.ActiveCfg = Debug|Any CPU
		{2D4F4EDF-F920-4A10-9769-AE13280E6DD9}.Debug|Any CPU.Build.0 = Debug|Any CPU
		{2D4F4EDF-F920-4A10-9769-AE13280E6DD9}.Release|Any CPU.ActiveCfg = Release|Any CPU
		{2D4F4EDF-F920-4A10-9769-AE13280E6DD9}.Release|Any CPU.Build.0 = Release|Any CPU
		{293D1844-239C-403D-82CF-80A14CD7F5DD}.Debug|Any CPU.ActiveCfg = Debug|Any CPU
		{293D1844-239C-403D-82CF-80A14CD7F5DD}.Debug|Any CPU.Build.0 = Debug|Any CPU
		{293D1844-239C-403D-82CF-80A14CD7F5DD}.Release|Any CPU.ActiveCfg = Release|Any CPU
		{293D1844-239C-403D-82CF-80A14CD7F5DD}.Release|Any CPU.Build.0 = Release|Any CPU
		{83229C5D-520F-4C09-8353-F1B0DC0FF053}.Debug|Any CPU.ActiveCfg = Debug|Any CPU
		{83229C5D-520F-4C09-8353-F1B0DC0FF053}.Debug|Any CPU.Build.0 = Debug|Any CPU
		{83229C5D-520F-4C09-8353-F1B0DC0FF053}.Release|Any CPU.ActiveCfg = Release|Any CPU
		{83229C5D-520F-4C09-8353-F1B0DC0FF053}.Release|Any CPU.Build.0 = Release|Any CPU
	EndGlobalSection
	GlobalSection(SolutionProperties) = preSolution
		HideSolutionNode = FALSE
	EndGlobalSection
	GlobalSection(ExtensibilityGlobals) = postSolution
		SolutionGuid = {2EA78B08-509E-4BFA-9B96-5D41DA117483}
	EndGlobalSection
EndGlobal
