
Microsoft Visual Studio Solution File, Format Version 12.00
# Visual Studio Version 17
VisualStudioVersion = 17.3.32819.101
MinimumVisualStudioVersion = 10.0.40219.1
Project("{FAE04EC0-301F-11D3-BF4B-00C04F79EFBC}") = "PersonalstudyroomMangement", "PersonalstudyroomMangement\PersonalstudyroomMangement.csproj", "{7EC4015C-B27A-43F0-AA04-891661F2578E}"
EndProject
Global
	GlobalSection(SolutionConfigurationPlatforms) = preSolution
		Debug|Any CPU = Debug|Any CPU
		Release|Any CPU = Release|Any CPU
	EndGlobalSection
	GlobalSection(ProjectConfigurationPlatforms) = postSolution
		{7EC4015C-B27A-43F0-AA04-891661F2578E}.Debug|Any CPU.ActiveCfg = Debug|Any CPU
		{7EC4015C-B27A-43F0-AA04-891661F2578E}.Debug|Any CPU.Build.0 = Debug|Any CPU
		{7EC4015C-B27A-43F0-AA04-891661F2578E}.Release|Any CPU.ActiveCfg = Release|Any CPU
		{7EC4015C-B27A-43F0-AA04-891661F2578E}.Release|Any CPU.Build.0 = Release|Any CPU
	EndGlobalSection
	GlobalSection(SolutionProperties) = preSolution
		HideSolutionNode = FALSE
	EndGlobalSection
	GlobalSection(ExtensibilityGlobals) = postSolution
		SolutionGuid = {5500DCD4-81F4-442E-A75B-4EA1A8398250}
	EndGlobalSection
EndGlobal
