
Microsoft Visual Studio Solution File, Format Version 12.00
# Visual Studio Version 17
VisualStudioVersion = 17.2.32526.322
MinimumVisualStudioVersion = 10.0.40219.1
Project("{FAE04EC0-301F-11D3-BF4B-00C04F79EFBC}") = "Csharp220609", "Csharp220609\Csharp220609.csproj", "{B5108384-C3C5-45D5-8234-7A2E85328342}"
EndProject
Global
	GlobalSection(SolutionConfigurationPlatforms) = preSolution
		Debug|Any CPU = Debug|Any CPU
		Release|Any CPU = Release|Any CPU
	EndGlobalSection
	GlobalSection(ProjectConfigurationPlatforms) = postSolution
		{B5108384-C3C5-45D5-8234-7A2E85328342}.Debug|Any CPU.ActiveCfg = Debug|Any CPU
		{B5108384-C3C5-45D5-8234-7A2E85328342}.Debug|Any CPU.Build.0 = Debug|Any CPU
		{B5108384-C3C5-45D5-8234-7A2E85328342}.Release|Any CPU.ActiveCfg = Release|Any CPU
		{B5108384-C3C5-45D5-8234-7A2E85328342}.Release|Any CPU.Build.0 = Release|Any CPU
	EndGlobalSection
	GlobalSection(SolutionProperties) = preSolution
		HideSolutionNode = FALSE
	EndGlobalSection
	GlobalSection(ExtensibilityGlobals) = postSolution
		SolutionGuid = {B12F5DB9-CCA5-4CF7-81E7-187CE22D4D29}
	EndGlobalSection
EndGlobal
